
Microsoft Visual Studio Solution File, Format Version 11.00
# Visual Studio 2010
Project("{FAE04EC0-301F-11D3-BF4B-00C04F79EFBC}") = "Zeiterfassung", "Zeiterfassung\Zeiterfassung.csproj", "{D6142BB8-E888-4CDD-9C2A-49D772D9B8AA}"
EndProject
Global
	GlobalSection(SolutionConfigurationPlatforms) = preSolution
		Debug|x86 = Debug|x86
		Release|x86 = Release|x86
	EndGlobalSection
	GlobalSection(ProjectConfigurationPlatforms) = postSolution
		{D6142BB8-E888-4CDD-9C2A-49D772D9B8AA}.Debug|x86.ActiveCfg = Debug|x86
		{D6142BB8-E888-4CDD-9C2A-49D772D9B8AA}.Debug|x86.Build.0 = Debug|x86
		{D6142BB8-E888-4CDD-9C2A-49D772D9B8AA}.Release|x86.ActiveCfg = Release|x86
		{D6142BB8-E888-4CDD-9C2A-49D772D9B8AA}.Release|x86.Build.0 = Release|x86
	EndGlobalSection
	GlobalSection(SolutionProperties) = preSolution
		HideSolutionNode = FALSE
	EndGlobalSection
EndGlobal
